// !$*UTF8*$!
{
	archiveVersion = 1;
	classes = {
	};
	objectVersion = 55;
	objects = {

/* Begin PBXBuildFile section */
		99CD70F931802DC17D8F9D3B /* Pods_PIPMode_WebView_Bridge_PIPMode_WebView_BridgeUITests.framework in Frameworks */ = {isa = PBXBuildFile; fileRef = CD036D93A210E330EC7D3099 /* Pods_PIPMode_WebView_Bridge_PIPMode_WebView_BridgeUITests.framework */; };
		AEBAF76970119EF8D97EBE60 /* Pods_PIPMode_WebView_BridgeTests.framework in Frameworks */ = {isa = PBXBuildFile; fileRef = B3DE15EA80C0039B4203E980 /* Pods_PIPMode_WebView_BridgeTests.framework */; };
		F699FE188F5F18ECE1EF7C92 /* Pods_PIPMode_WebView_Bridge.framework in Frameworks */ = {isa = PBXBuildFile; fileRef = 7D54AE0F74D21917313FA006 /* Pods_PIPMode_WebView_Bridge.framework */; };
		F90E53BB2839FA9B0000B4D4 /* AppDelegate.swift in Sources */ = {isa = PBXBuildFile; fileRef = F90E53BA2839FA9B0000B4D4 /* AppDelegate.swift */; };
		F90E53BF2839FA9B0000B4D4 /* ViewController.swift in Sources */ = {isa = PBXBuildFile; fileRef = F90E53BE2839FA9B0000B4D4 /* ViewController.swift */; };
		F90E53C22839FA9B0000B4D4 /* Main.storyboard in Resources */ = {isa = PBXBuildFile; fileRef = F90E53C02839FA9B0000B4D4 /* Main.storyboard */; };
		F90E53C42839FA9C0000B4D4 /* Assets.xcassets in Resources */ = {isa = PBXBuildFile; fileRef = F90E53C32839FA9C0000B4D4 /* Assets.xcassets */; };
		F90E53C72839FA9C0000B4D4 /* LaunchScreen.storyboard in Resources */ = {isa = PBXBuildFile; fileRef = F90E53C52839FA9C0000B4D4 /* LaunchScreen.storyboard */; };
		F90E53D22839FA9C0000B4D4 /* PIPMode_WebView_BridgeTests.swift in Sources */ = {isa = PBXBuildFile; fileRef = F90E53D12839FA9C0000B4D4 /* PIPMode_WebView_BridgeTests.swift */; };
		F90E53DC2839FA9C0000B4D4 /* PIPMode_WebView_BridgeUITests.swift in Sources */ = {isa = PBXBuildFile; fileRef = F90E53DB2839FA9C0000B4D4 /* PIPMode_WebView_BridgeUITests.swift */; };
		F90E53DE2839FA9C0000B4D4 /* PIPMode_WebView_BridgeUITestsLaunchTests.swift in Sources */ = {isa = PBXBuildFile; fileRef = F90E53DD2839FA9C0000B4D4 /* PIPMode_WebView_BridgeUITestsLaunchTests.swift */; };
		F90E53EB283A0FD60000B4D4 /* PIPViewController.swift in Sources */ = {isa = PBXBuildFile; fileRef = F90E53EA283A0FD60000B4D4 /* PIPViewController.swift */; };
		F90E53ED283A0FE50000B4D4 /* PIPXibViewController.swift in Sources */ = {isa = PBXBuildFile; fileRef = F90E53EC283A0FE50000B4D4 /* PIPXibViewController.swift */; };
/* End PBXBuildFile section */

/* Begin PBXContainerItemProxy section */
		F90E53CE2839FA9C0000B4D4 /* PBXContainerItemProxy */ = {
			isa = PBXContainerItemProxy;
			containerPortal = F90E53AF2839FA9B0000B4D4 /* Project object */;
			proxyType = 1;
			remoteGlobalIDString = F90E53B62839FA9B0000B4D4;
			remoteInfo = "PIPMode+WebView_Bridge";
		};
		F90E53D82839FA9C0000B4D4 /* PBXContainerItemProxy */ = {
			isa = PBXContainerItemProxy;
			containerPortal = F90E53AF2839FA9B0000B4D4 /* Project object */;
			proxyType = 1;
			remoteGlobalIDString = F90E53B62839FA9B0000B4D4;
			remoteInfo = "PIPMode+WebView_Bridge";
		};
/* End PBXContainerItemProxy section */

/* Begin PBXFileReference section */
		08B5676F035EFC0240337CD8 /* Pods-PIPMode+WebView_Bridge-PIPMode+WebView_BridgeUITests.release.xcconfig */ = {isa = PBXFileReference; includeInIndex = 1; lastKnownFileType = text.xcconfig; name = "Pods-PIPMode+WebView_Bridge-PIPMode+WebView_BridgeUITests.release.xcconfig"; path = "Target Support Files/Pods-PIPMode+WebView_Bridge-PIPMode+WebView_BridgeUITests/Pods-PIPMode+WebView_Bridge-PIPMode+WebView_BridgeUITests.release.xcconfig"; sourceTree = "<group>"; };
		27CA4CC9EA58FE61DEF0E49E /* Pods-PIPMode+WebView_BridgeTests.debug.xcconfig */ = {isa = PBXFileReference; includeInIndex = 1; lastKnownFileType = text.xcconfig; name = "Pods-PIPMode+WebView_BridgeTests.debug.xcconfig"; path = "Target Support Files/Pods-PIPMode+WebView_BridgeTests/Pods-PIPMode+WebView_BridgeTests.debug.xcconfig"; sourceTree = "<group>"; };
		6D89B3B00C3920794BA6EC45 /* Pods-PIPMode+WebView_Bridge-PIPMode+WebView_BridgeUITests.debug.xcconfig */ = {isa = PBXFileReference; includeInIndex = 1; lastKnownFileType = text.xcconfig; name = "Pods-PIPMode+WebView_Bridge-PIPMode+WebView_BridgeUITests.debug.xcconfig"; path = "Target Support Files/Pods-PIPMode+WebView_Bridge-PIPMode+WebView_BridgeUITests/Pods-PIPMode+WebView_Bridge-PIPMode+WebView_BridgeUITests.debug.xcconfig"; sourceTree = "<group>"; };
		77ACFF79A684D9CF7D266938 /* Pods-PIPMode+WebView_BridgeTests.release.xcconfig */ = {isa = PBXFileReference; includeInIndex = 1; lastKnownFileType = text.xcconfig; name = "Pods-PIPMode+WebView_BridgeTests.release.xcconfig"; path = "Target Support Files/Pods-PIPMode+WebView_BridgeTests/Pods-PIPMode+WebView_BridgeTests.release.xcconfig"; sourceTree = "<group>"; };
		7D54AE0F74D21917313FA006 /* Pods_PIPMode_WebView_Bridge.framework */ = {isa = PBXFileReference; explicitFileType = wrapper.framework; includeInIndex = 0; path = Pods_PIPMode_WebView_Bridge.framework; sourceTree = BUILT_PRODUCTS_DIR; };
		B3DE15EA80C0039B4203E980 /* Pods_PIPMode_WebView_BridgeTests.framework */ = {isa = PBXFileReference; explicitFileType = wrapper.framework; includeInIndex = 0; path = Pods_PIPMode_WebView_BridgeTests.framework; sourceTree = BUILT_PRODUCTS_DIR; };
		CD036D93A210E330EC7D3099 /* Pods_PIPMode_WebView_Bridge_PIPMode_WebView_BridgeUITests.framework */ = {isa = PBXFileReference; explicitFileType = wrapper.framework; includeInIndex = 0; path = Pods_PIPMode_WebView_Bridge_PIPMode_WebView_BridgeUITests.framework; sourceTree = BUILT_PRODUCTS_DIR; };
		D73B3DF53CEDA5C731C0CEA5 /* Pods-PIPMode+WebView_Bridge.debug.xcconfig */ = {isa = PBXFileReference; includeInIndex = 1; lastKnownFileType = text.xcconfig; name = "Pods-PIPMode+WebView_Bridge.debug.xcconfig"; path = "Target Support Files/Pods-PIPMode+WebView_Bridge/Pods-PIPMode+WebView_Bridge.debug.xcconfig"; sourceTree = "<group>"; };
		F30338A39B30357564E272E8 /* Pods-PIPMode+WebView_Bridge.release.xcconfig */ = {isa = PBXFileReference; includeInIndex = 1; lastKnownFileType = text.xcconfig; name = "Pods-PIPMode+WebView_Bridge.release.xcconfig"; path = "Target Support Files/Pods-PIPMode+WebView_Bridge/Pods-PIPMode+WebView_Bridge.release.xcconfig"; sourceTree = "<group>"; };
		F90E53B72839FA9B0000B4D4 /* PIPMode+WebView_Bridge.app */ = {isa = PBXFileReference; explicitFileType = wrapper.application; includeInIndex = 0; path = "PIPMode+WebView_Bridge.app"; sourceTree = BUILT_PRODUCTS_DIR; };
		F90E53BA2839FA9B0000B4D4 /* AppDelegate.swift */ = {isa = PBXFileReference; lastKnownFileType = sourcecode.swift; path = AppDelegate.swift; sourceTree = "<group>"; };
		F90E53BE2839FA9B0000B4D4 /* ViewController.swift */ = {isa = PBXFileReference; lastKnownFileType = sourcecode.swift; path = ViewController.swift; sourceTree = "<group>"; };
		F90E53C12839FA9B0000B4D4 /* Base */ = {isa = PBXFileReference; lastKnownFileType = file.storyboard; name = Base; path = Base.lproj/Main.storyboard; sourceTree = "<group>"; };
		F90E53C32839FA9C0000B4D4 /* Assets.xcassets */ = {isa = PBXFileReference; lastKnownFileType = folder.assetcatalog; path = Assets.xcassets; sourceTree = "<group>"; };
		F90E53C62839FA9C0000B4D4 /* Base */ = {isa = PBXFileReference; lastKnownFileType = file.storyboard; name = Base; path = Base.lproj/LaunchScreen.storyboard; sourceTree = "<group>"; };
		F90E53C82839FA9C0000B4D4 /* Info.plist */ = {isa = PBXFileReference; lastKnownFileType = text.plist.xml; path = Info.plist; sourceTree = "<group>"; };
		F90E53CD2839FA9C0000B4D4 /* PIPMode+WebView_BridgeTests.xctest */ = {isa = PBXFileReference; explicitFileType = wrapper.cfbundle; includeInIndex = 0; path = "PIPMode+WebView_BridgeTests.xctest"; sourceTree = BUILT_PRODUCTS_DIR; };
		F90E53D12839FA9C0000B4D4 /* PIPMode_WebView_BridgeTests.swift */ = {isa = PBXFileReference; lastKnownFileType = sourcecode.swift; path = PIPMode_WebView_BridgeTests.swift; sourceTree = "<group>"; };
		F90E53D72839FA9C0000B4D4 /* PIPMode+WebView_BridgeUITests.xctest */ = {isa = PBXFileReference; explicitFileType = wrapper.cfbundle; includeInIndex = 0; path = "PIPMode+WebView_BridgeUITests.xctest"; sourceTree = BUILT_PRODUCTS_DIR; };
		F90E53DB2839FA9C0000B4D4 /* PIPMode_WebView_BridgeUITests.swift */ = {isa = PBXFileReference; lastKnownFileType = sourcecode.swift; path = PIPMode_WebView_BridgeUITests.swift; sourceTree = "<group>"; };
		F90E53DD2839FA9C0000B4D4 /* PIPMode_WebView_BridgeUITestsLaunchTests.swift */ = {isa = PBXFileReference; lastKnownFileType = sourcecode.swift; path = PIPMode_WebView_BridgeUITestsLaunchTests.swift; sourceTree = "<group>"; };
		F90E53EA283A0FD60000B4D4 /* PIPViewController.swift */ = {isa = PBXFileReference; lastKnownFileType = sourcecode.swift; path = PIPViewController.swift; sourceTree = "<group>"; };
		F90E53EC283A0FE50000B4D4 /* PIPXibViewController.swift */ = {isa = PBXFileReference; lastKnownFileType = sourcecode.swift; path = PIPXibViewController.swift; sourceTree = "<group>"; };
/* End PBXFileReference section */

/* Begin PBXFrameworksBuildPhase section */
		F90E53B42839FA9B0000B4D4 /* Frameworks */ = {
			isa = PBXFrameworksBuildPhase;
			buildActionMask = 2147483647;
			files = (
				F699FE188F5F18ECE1EF7C92 /* Pods_PIPMode_WebView_Bridge.framework in Frameworks */,
			);
			runOnlyForDeploymentPostprocessing = 0;
		};
		F90E53CA2839FA9C0000B4D4 /* Frameworks */ = {
			isa = PBXFrameworksBuildPhase;
			buildActionMask = 2147483647;
			files = (
				AEBAF76970119EF8D97EBE60 /* Pods_PIPMode_WebView_BridgeTests.framework in Frameworks */,
			);
			runOnlyForDeploymentPostprocessing = 0;
		};
		F90E53D42839FA9C0000B4D4 /* Frameworks */ = {
			isa = PBXFrameworksBuildPhase;
			buildActionMask = 2147483647;
			files = (
				99CD70F931802DC17D8F9D3B /* Pods_PIPMode_WebView_Bridge_PIPMode_WebView_BridgeUITests.framework in Frameworks */,
			);
			runOnlyForDeploymentPostprocessing = 0;
		};
/* End PBXFrameworksBuildPhase section */

/* Begin PBXGroup section */
		1F614C949476592C31CE0939 /* Pods */ = {
			isa = PBXGroup;
			children = (
				D73B3DF53CEDA5C731C0CEA5 /* Pods-PIPMode+WebView_Bridge.debug.xcconfig */,
				F30338A39B30357564E272E8 /* Pods-PIPMode+WebView_Bridge.release.xcconfig */,
				6D89B3B00C3920794BA6EC45 /* Pods-PIPMode+WebView_Bridge-PIPMode+WebView_BridgeUITests.debug.xcconfig */,
				08B5676F035EFC0240337CD8 /* Pods-PIPMode+WebView_Bridge-PIPMode+WebView_BridgeUITests.release.xcconfig */,
				27CA4CC9EA58FE61DEF0E49E /* Pods-PIPMode+WebView_BridgeTests.debug.xcconfig */,
				77ACFF79A684D9CF7D266938 /* Pods-PIPMode+WebView_BridgeTests.release.xcconfig */,
			);
			path = Pods;
			sourceTree = "<group>";
		};
		3100CDE3DEAE85C692A7641D /* Frameworks */ = {
			isa = PBXGroup;
			children = (
				7D54AE0F74D21917313FA006 /* Pods_PIPMode_WebView_Bridge.framework */,
				CD036D93A210E330EC7D3099 /* Pods_PIPMode_WebView_Bridge_PIPMode_WebView_BridgeUITests.framework */,
				B3DE15EA80C0039B4203E980 /* Pods_PIPMode_WebView_BridgeTests.framework */,
			);
			name = Frameworks;
			sourceTree = "<group>";
		};
		F90E53AE2839FA9B0000B4D4 = {
			isa = PBXGroup;
			children = (
				F90E53B92839FA9B0000B4D4 /* PIPMode+WebView_Bridge */,
				F90E53D02839FA9C0000B4D4 /* PIPMode+WebView_BridgeTests */,
				F90E53DA2839FA9C0000B4D4 /* PIPMode+WebView_BridgeUITests */,
				F90E53B82839FA9B0000B4D4 /* Products */,
				1F614C949476592C31CE0939 /* Pods */,
				3100CDE3DEAE85C692A7641D /* Frameworks */,
			);
			sourceTree = "<group>";
		};
		F90E53B82839FA9B0000B4D4 /* Products */ = {
			isa = PBXGroup;
			children = (
				F90E53B72839FA9B0000B4D4 /* PIPMode+WebView_Bridge.app */,
				F90E53CD2839FA9C0000B4D4 /* PIPMode+WebView_BridgeTests.xctest */,
				F90E53D72839FA9C0000B4D4 /* PIPMode+WebView_BridgeUITests.xctest */,
			);
			name = Products;
			sourceTree = "<group>";
		};
		F90E53B92839FA9B0000B4D4 /* PIPMode+WebView_Bridge */ = {
			isa = PBXGroup;
			children = (
				F90E53BA2839FA9B0000B4D4 /* AppDelegate.swift */,
				F90E53BE2839FA9B0000B4D4 /* ViewController.swift */,
				F90E53EA283A0FD60000B4D4 /* PIPViewController.swift */,
				F90E53EC283A0FE50000B4D4 /* PIPXibViewController.swift */,
				F90E53C02839FA9B0000B4D4 /* Main.storyboard */,
				F90E53C32839FA9C0000B4D4 /* Assets.xcassets */,
				F90E53C52839FA9C0000B4D4 /* LaunchScreen.storyboard */,
				F90E53C82839FA9C0000B4D4 /* Info.plist */,
			);
			path = "PIPMode+WebView_Bridge";
			sourceTree = "<group>";
		};
		F90E53D02839FA9C0000B4D4 /* PIPMode+WebView_BridgeTests */ = {
			isa = PBXGroup;
			children = (
				F90E53D12839FA9C0000B4D4 /* PIPMode_WebView_BridgeTests.swift */,
			);
			path = "PIPMode+WebView_BridgeTests";
			sourceTree = "<group>";
		};
		F90E53DA2839FA9C0000B4D4 /* PIPMode+WebView_BridgeUITests */ = {
			isa = PBXGroup;
			children = (
				F90E53DB2839FA9C0000B4D4 /* PIPMode_WebView_BridgeUITests.swift */,
				F90E53DD2839FA9C0000B4D4 /* PIPMode_WebView_BridgeUITestsLaunchTests.swift */,
			);
			path = "PIPMode+WebView_BridgeUITests";
			sourceTree = "<group>";
		};
/* End PBXGroup section */

/* Begin PBXNativeTarget section */
		F90E53B62839FA9B0000B4D4 /* PIPMode+WebView_Bridge */ = {
			isa = PBXNativeTarget;
			buildConfigurationList = F90E53E12839FA9C0000B4D4 /* Build configuration list for PBXNativeTarget "PIPMode+WebView_Bridge" */;
			buildPhases = (
				4A04310885DF63E2A4F01602 /* [CP] Check Pods Manifest.lock */,
				F90E53B32839FA9B0000B4D4 /* Sources */,
				F90E53B42839FA9B0000B4D4 /* Frameworks */,
				F90E53B52839FA9B0000B4D4 /* Resources */,
				8E9CC7E7908887EC1C898F4E /* [CP] Embed Pods Frameworks */,
			);
			buildRules = (
			);
			dependencies = (
			);
			name = "PIPMode+WebView_Bridge";
			productName = "PIPMode+WebView_Bridge";
			productReference = F90E53B72839FA9B0000B4D4 /* PIPMode+WebView_Bridge.app */;
			productType = "com.apple.product-type.application";
		};
		F90E53CC2839FA9C0000B4D4 /* PIPMode+WebView_BridgeTests */ = {
			isa = PBXNativeTarget;
			buildConfigurationList = F90E53E42839FA9C0000B4D4 /* Build configuration list for PBXNativeTarget "PIPMode+WebView_BridgeTests" */;
			buildPhases = (
				2F416EC9986E003AF6CC0A83 /* [CP] Check Pods Manifest.lock */,
				F90E53C92839FA9C0000B4D4 /* Sources */,
				F90E53CA2839FA9C0000B4D4 /* Frameworks */,
				F90E53CB2839FA9C0000B4D4 /* Resources */,
			);
			buildRules = (
			);
			dependencies = (
				F90E53CF2839FA9C0000B4D4 /* PBXTargetDependency */,
			);
			name = "PIPMode+WebView_BridgeTests";
			productName = "PIPMode+WebView_BridgeTests";
			productReference = F90E53CD2839FA9C0000B4D4 /* PIPMode+WebView_BridgeTests.xctest */;
			productType = "com.apple.product-type.bundle.unit-test";
		};
		F90E53D62839FA9C0000B4D4 /* PIPMode+WebView_BridgeUITests */ = {
			isa = PBXNativeTarget;
			buildConfigurationList = F90E53E72839FA9C0000B4D4 /* Build configuration list for PBXNativeTarget "PIPMode+WebView_BridgeUITests" */;
			buildPhases = (
				B180B6F64C1B2F1EDC672D29 /* [CP] Check Pods Manifest.lock */,
				F90E53D32839FA9C0000B4D4 /* Sources */,
				F90E53D42839FA9C0000B4D4 /* Frameworks */,
				F90E53D52839FA9C0000B4D4 /* Resources */,
				1BE81BB7C57C82643A6B9B84 /* [CP] Embed Pods Frameworks */,
			);
			buildRules = (
			);
			dependencies = (
				F90E53D92839FA9C0000B4D4 /* PBXTargetDependency */,
			);
			name = "PIPMode+WebView_BridgeUITests";
			productName = "PIPMode+WebView_BridgeUITests";
			productReference = F90E53D72839FA9C0000B4D4 /* PIPMode+WebView_BridgeUITests.xctest */;
			productType = "com.apple.product-type.bundle.ui-testing";
		};
/* End PBXNativeTarget section */

/* Begin PBXProject section */
		F90E53AF2839FA9B0000B4D4 /* Project object */ = {
			isa = PBXProject;
			attributes = {
				BuildIndependentTargetsInParallel = 1;
				LastSwiftUpdateCheck = 1320;
				LastUpgradeCheck = 1320;
				TargetAttributes = {
					F90E53B62839FA9B0000B4D4 = {
						CreatedOnToolsVersion = 13.2.1;
					};
					F90E53CC2839FA9C0000B4D4 = {
						CreatedOnToolsVersion = 13.2.1;
						TestTargetID = F90E53B62839FA9B0000B4D4;
					};
					F90E53D62839FA9C0000B4D4 = {
						CreatedOnToolsVersion = 13.2.1;
						TestTargetID = F90E53B62839FA9B0000B4D4;
					};
				};
			};
			buildConfigurationList = F90E53B22839FA9B0000B4D4 /* Build configuration list for PBXProject "PIPMode+WebView_Bridge" */;
			compatibilityVersion = "Xcode 13.0";
			developmentRegion = en;
			hasScannedForEncodings = 0;
			knownRegions = (
				en,
				Base,
			);
			mainGroup = F90E53AE2839FA9B0000B4D4;
			productRefGroup = F90E53B82839FA9B0000B4D4 /* Products */;
			projectDirPath = "";
			projectRoot = "";
			targets = (
				F90E53B62839FA9B0000B4D4 /* PIPMode+WebView_Bridge */,
				F90E53CC2839FA9C0000B4D4 /* PIPMode+WebView_BridgeTests */,
				F90E53D62839FA9C0000B4D4 /* PIPMode+WebView_BridgeUITests */,
			);
		};
/* End PBXProject section */

/* Begin PBXResourcesBuildPhase section */
		F90E53B52839FA9B0000B4D4 /* Resources */ = {
			isa = PBXResourcesBuildPhase;
			buildActionMask = 2147483647;
			files = (
				F90E53C72839FA9C0000B4D4 /* LaunchScreen.storyboard in Resources */,
				F90E53C42839FA9C0000B4D4 /* Assets.xcassets in Resources */,
				F90E53C22839FA9B0000B4D4 /* Main.storyboard in Resources */,
			);
			runOnlyForDeploymentPostprocessing = 0;
		};
		F90E53CB2839FA9C0000B4D4 /* Resources */ = {
			isa = PBXResourcesBuildPhase;
			buildActionMask = 2147483647;
			files = (
			);
			runOnlyForDeploymentPostprocessing = 0;
		};
		F90E53D52839FA9C0000B4D4 /* Resources */ = {
			isa = PBXResourcesBuildPhase;
			buildActionMask = 2147483647;
			files = (
			);
			runOnlyForDeploymentPostprocessing = 0;
		};
/* End PBXResourcesBuildPhase section */

/* Begin PBXShellScriptBuildPhase section */
		1BE81BB7C57C82643A6B9B84 /* [CP] Embed Pods Frameworks */ = {
			isa = PBXShellScriptBuildPhase;
			buildActionMask = 2147483647;
			files = (
			);
			inputFileListPaths = (
				"${PODS_ROOT}/Target Support Files/Pods-PIPMode+WebView_Bridge-PIPMode+WebView_BridgeUITests/Pods-PIPMode+WebView_Bridge-PIPMode+WebView_BridgeUITests-frameworks-${CONFIGURATION}-input-files.xcfilelist",
			);
			name = "[CP] Embed Pods Frameworks";
			outputFileListPaths = (
				"${PODS_ROOT}/Target Support Files/Pods-PIPMode+WebView_Bridge-PIPMode+WebView_BridgeUITests/Pods-PIPMode+WebView_Bridge-PIPMode+WebView_BridgeUITests-frameworks-${CONFIGURATION}-output-files.xcfilelist",
			);
			runOnlyForDeploymentPostprocessing = 0;
			shellPath = /bin/sh;
			shellScript = "\"${PODS_ROOT}/Target Support Files/Pods-PIPMode+WebView_Bridge-PIPMode+WebView_BridgeUITests/Pods-PIPMode+WebView_Bridge-PIPMode+WebView_BridgeUITests-frameworks.sh\"\n";
			showEnvVarsInLog = 0;
		};
		2F416EC9986E003AF6CC0A83 /* [CP] Check Pods Manifest.lock */ = {
			isa = PBXShellScriptBuildPhase;
			buildActionMask = 2147483647;
			files = (
			);
			inputFileListPaths = (
			);
			inputPaths = (
				"${PODS_PODFILE_DIR_PATH}/Podfile.lock",
				"${PODS_ROOT}/Manifest.lock",
			);
			name = "[CP] Check Pods Manifest.lock";
			outputFileListPaths = (
			);
			outputPaths = (
				"$(DERIVED_FILE_DIR)/Pods-PIPMode+WebView_BridgeTests-checkManifestLockResult.txt",
			);
			runOnlyForDeploymentPostprocessing = 0;
			shellPath = /bin/sh;
			shellScript = "diff \"${PODS_PODFILE_DIR_PATH}/Podfile.lock\" \"${PODS_ROOT}/Manifest.lock\" > /dev/null\nif [ $? != 0 ] ; then\n    # print error to STDERR\n    echo \"error: The sandbox is not in sync with the Podfile.lock. Run 'pod install' or update your CocoaPods installation.\" >&2\n    exit 1\nfi\n# This output is used by Xcode 'outputs' to avoid re-running this script phase.\necho \"SUCCESS\" > \"${SCRIPT_OUTPUT_FILE_0}\"\n";
			showEnvVarsInLog = 0;
		};
		4A04310885DF63E2A4F01602 /* [CP] Check Pods Manifest.lock */ = {
			isa = PBXShellScriptBuildPhase;
			buildActionMask = 2147483647;
			files = (
			);
			inputFileListPaths = (
			);
			inputPaths = (
				"${PODS_PODFILE_DIR_PATH}/Podfile.lock",
				"${PODS_ROOT}/Manifest.lock",
			);
			name = "[CP] Check Pods Manifest.lock";
			outputFileListPaths = (
			);
			outputPaths = (
				"$(DERIVED_FILE_DIR)/Pods-PIPMode+WebView_Bridge-checkManifestLockResult.txt",
			);
			runOnlyForDeploymentPostprocessing = 0;
			shellPath = /bin/sh;
			shellScript = "diff \"${PODS_PODFILE_DIR_PATH}/Podfile.lock\" \"${PODS_ROOT}/Manifest.lock\" > /dev/null\nif [ $? != 0 ] ; then\n    # print error to STDERR\n    echo \"error: The sandbox is not in sync with the Podfile.lock. Run 'pod install' or update your CocoaPods installation.\" >&2\n    exit 1\nfi\n# This output is used by Xcode 'outputs' to avoid re-running this script phase.\necho \"SUCCESS\" > \"${SCRIPT_OUTPUT_FILE_0}\"\n";
			showEnvVarsInLog = 0;
		};
		8E9CC7E7908887EC1C898F4E /* [CP] Embed Pods Frameworks */ = {
			isa = PBXShellScriptBuildPhase;
			buildActionMask = 2147483647;
			files = (
			);
			inputFileListPaths = (
				"${PODS_ROOT}/Target Support Files/Pods-PIPMode+WebView_Bridge/Pods-PIPMode+WebView_Bridge-frameworks-${CONFIGURATION}-input-files.xcfilelist",
			);
			name = "[CP] Embed Pods Frameworks";
			outputFileListPaths = (
				"${PODS_ROOT}/Target Support Files/Pods-PIPMode+WebView_Bridge/Pods-PIPMode+WebView_Bridge-frameworks-${CONFIGURATION}-output-files.xcfilelist",
			);
			runOnlyForDeploymentPostprocessing = 0;
			shellPath = /bin/sh;
			shellScript = "\"${PODS_ROOT}/Target Support Files/Pods-PIPMode+WebView_Bridge/Pods-PIPMode+WebView_Bridge-frameworks.sh\"\n";
			showEnvVarsInLog = 0;
		};
		B180B6F64C1B2F1EDC672D29 /* [CP] Check Pods Manifest.lock */ = {
			isa = PBXShellScriptBuildPhase;
			buildActionMask = 2147483647;
			files = (
			);
			inputFileListPaths = (
			);
			inputPaths = (
				"${PODS_PODFILE_DIR_PATH}/Podfile.lock",
				"${PODS_ROOT}/Manifest.lock",
			);
			name = "[CP] Check Pods Manifest.lock";
			outputFileListPaths = (
			);
			outputPaths = (
				"$(DERIVED_FILE_DIR)/Pods-PIPMode+WebView_Bridge-PIPMode+WebView_BridgeUITests-checkManifestLockResult.txt",
			);
			runOnlyForDeploymentPostprocessing = 0;
			shellPath = /bin/sh;
			shellScript = "diff \"${PODS_PODFILE_DIR_PATH}/Podfile.lock\" \"${PODS_ROOT}/Manifest.lock\" > /dev/null\nif [ $? != 0 ] ; then\n    # print error to STDERR\n    echo \"error: The sandbox is not in sync with the Podfile.lock. Run 'pod install' or update your CocoaPods installation.\" >&2\n    exit 1\nfi\n# This output is used by Xcode 'outputs' to avoid re-running this script phase.\necho \"SUCCESS\" > \"${SCRIPT_OUTPUT_FILE_0}\"\n";
			showEnvVarsInLog = 0;
		};
/* End PBXShellScriptBuildPhase section */

/* Begin PBXSourcesBuildPhase section */
		F90E53B32839FA9B0000B4D4 /* Sources */ = {
			isa = PBXSourcesBuildPhase;
			buildActionMask = 2147483647;
			files = (
				F90E53ED283A0FE50000B4D4 /* PIPXibViewController.swift in Sources */,
				F90E53BF2839FA9B0000B4D4 /* ViewController.swift in Sources */,
				F90E53EB283A0FD60000B4D4 /* PIPViewController.swift in Sources */,
				F90E53BB2839FA9B0000B4D4 /* AppDelegate.swift in Sources */,
			);
			runOnlyForDeploymentPostprocessing = 0;
		};
		F90E53C92839FA9C0000B4D4 /* Sources */ = {
			isa = PBXSourcesBuildPhase;
			buildActionMask = 2147483647;
			files = (
				F90E53D22839FA9C0000B4D4 /* PIPMode_WebView_BridgeTests.swift in Sources */,
			);
			runOnlyForDeploymentPostprocessing = 0;
		};
		F90E53D32839FA9C0000B4D4 /* Sources */ = {
			isa = PBXSourcesBuildPhase;
			buildActionMask = 2147483647;
			files = (
				F90E53DE2839FA9C0000B4D4 /* PIPMode_WebView_BridgeUITestsLaunchTests.swift in Sources */,
				F90E53DC2839FA9C0000B4D4 /* PIPMode_WebView_BridgeUITests.swift in Sources */,
			);
			runOnlyForDeploymentPostprocessing = 0;
		};
/* End PBXSourcesBuildPhase section */

/* Begin PBXTargetDependency section */
		F90E53CF2839FA9C0000B4D4 /* PBXTargetDependency */ = {
			isa = PBXTargetDependency;
			target = F90E53B62839FA9B0000B4D4 /* PIPMode+WebView_Bridge */;
			targetProxy = F90E53CE2839FA9C0000B4D4 /* PBXContainerItemProxy */;
		};
		F90E53D92839FA9C0000B4D4 /* PBXTargetDependency */ = {
			isa = PBXTargetDependency;
			target = F90E53B62839FA9B0000B4D4 /* PIPMode+WebView_Bridge */;
			targetProxy = F90E53D82839FA9C0000B4D4 /* PBXContainerItemProxy */;
		};
/* End PBXTargetDependency section */

/* Begin PBXVariantGroup section */
		F90E53C02839FA9B0000B4D4 /* Main.storyboard */ = {
			isa = PBXVariantGroup;
			children = (
				F90E53C12839FA9B0000B4D4 /* Base */,
			);
			name = Main.storyboard;
			sourceTree = "<group>";
		};
		F90E53C52839FA9C0000B4D4 /* LaunchScreen.storyboard */ = {
			isa = PBXVariantGroup;
			children = (
				F90E53C62839FA9C0000B4D4 /* Base */,
			);
			name = LaunchScreen.storyboard;
			sourceTree = "<group>";
		};
/* End PBXVariantGroup section */

/* Begin XCBuildConfiguration section */
		F90E53DF2839FA9C0000B4D4 /* Debug */ = {
			isa = XCBuildConfiguration;
			buildSettings = {
				ALWAYS_SEARCH_USER_PATHS = NO;
				CLANG_ANALYZER_NONNULL = YES;
				CLANG_ANALYZER_NUMBER_OBJECT_CONVERSION = YES_AGGRESSIVE;
				CLANG_CXX_LANGUAGE_STANDARD = "gnu++17";
				CLANG_CXX_LIBRARY = "libc++";
				CLANG_ENABLE_MODULES = YES;
				CLANG_ENABLE_OBJC_ARC = YES;
				CLANG_ENABLE_OBJC_WEAK = YES;
				CLANG_WARN_BLOCK_CAPTURE_AUTORELEASING = YES;
				CLANG_WARN_BOOL_CONVERSION = YES;
				CLANG_WARN_COMMA = YES;
				CLANG_WARN_CONSTANT_CONVERSION = YES;
				CLANG_WARN_DEPRECATED_OBJC_IMPLEMENTATIONS = YES;
				CLANG_WARN_DIRECT_OBJC_ISA_USAGE = YES_ERROR;
				CLANG_WARN_DOCUMENTATION_COMMENTS = YES;
				CLANG_WARN_EMPTY_BODY = YES;
				CLANG_WARN_ENUM_CONVERSION = YES;
				CLANG_WARN_INFINITE_RECURSION = YES;
				CLANG_WARN_INT_CONVERSION = YES;
				CLANG_WARN_NON_LITERAL_NULL_CONVERSION = YES;
				CLANG_WARN_OBJC_IMPLICIT_RETAIN_SELF = YES;
				CLANG_WARN_OBJC_LITERAL_CONVERSION = YES;
				CLANG_WARN_OBJC_ROOT_CLASS = YES_ERROR;
				CLANG_WARN_QUOTED_INCLUDE_IN_FRAMEWORK_HEADER = YES;
				CLANG_WARN_RANGE_LOOP_ANALYSIS = YES;
				CLANG_WARN_STRICT_PROTOTYPES = YES;
				CLANG_WARN_SUSPICIOUS_MOVE = YES;
				CLANG_WARN_UNGUARDED_AVAILABILITY = YES_AGGRESSIVE;
				CLANG_WARN_UNREACHABLE_CODE = YES;
				CLANG_WARN__DUPLICATE_METHOD_MATCH = YES;
				COPY_PHASE_STRIP = NO;
				DEBUG_INFORMATION_FORMAT = dwarf;
				ENABLE_STRICT_OBJC_MSGSEND = YES;
				ENABLE_TESTABILITY = YES;
				GCC_C_LANGUAGE_STANDARD = gnu11;
				GCC_DYNAMIC_NO_PIC = NO;
				GCC_NO_COMMON_BLOCKS = YES;
				GCC_OPTIMIZATION_LEVEL = 0;
				GCC_PREPROCESSOR_DEFINITIONS = (
					"DEBUG=1",
					"$(inherited)",
				);
				GCC_WARN_64_TO_32_BIT_CONVERSION = YES;
				GCC_WARN_ABOUT_RETURN_TYPE = YES_ERROR;
				GCC_WARN_UNDECLARED_SELECTOR = YES;
				GCC_WARN_UNINITIALIZED_AUTOS = YES_AGGRESSIVE;
				GCC_WARN_UNUSED_FUNCTION = YES;
				GCC_WARN_UNUSED_VARIABLE = YES;
				IPHONEOS_DEPLOYMENT_TARGET = 15.2;
				MTL_ENABLE_DEBUG_INFO = INCLUDE_SOURCE;
				MTL_FAST_MATH = YES;
				ONLY_ACTIVE_ARCH = YES;
				SDKROOT = iphoneos;
				SWIFT_ACTIVE_COMPILATION_CONDITIONS = DEBUG;
				SWIFT_OPTIMIZATION_LEVEL = "-Onone";
			};
			name = Debug;
		};
		F90E53E02839FA9C0000B4D4 /* Release */ = {
			isa = XCBuildConfiguration;
			buildSettings = {
				ALWAYS_SEARCH_USER_PATHS = NO;
				CLANG_ANALYZER_NONNULL = YES;
				CLANG_ANALYZER_NUMBER_OBJECT_CONVERSION = YES_AGGRESSIVE;
				CLANG_CXX_LANGUAGE_STANDARD = "gnu++17";
				CLANG_CXX_LIBRARY = "libc++";
				CLANG_ENABLE_MODULES = YES;
				CLANG_ENABLE_OBJC_ARC = YES;
				CLANG_ENABLE_OBJC_WEAK = YES;
				CLANG_WARN_BLOCK_CAPTURE_AUTORELEASING = YES;
				CLANG_WARN_BOOL_CONVERSION = YES;
				CLANG_WARN_COMMA = YES;
				CLANG_WARN_CONSTANT_CONVERSION = YES;
				CLANG_WARN_DEPRECATED_OBJC_IMPLEMENTATIONS = YES;
				CLANG_WARN_DIRECT_OBJC_ISA_USAGE = YES_ERROR;
				CLANG_WARN_DOCUMENTATION_COMMENTS = YES;
				CLANG_WARN_EMPTY_BODY = YES;
				CLANG_WARN_ENUM_CONVERSION = YES;
				CLANG_WARN_INFINITE_RECURSION = YES;
				CLANG_WARN_INT_CONVERSION = YES;
				CLANG_WARN_NON_LITERAL_NULL_CONVERSION = YES;
				CLANG_WARN_OBJC_IMPLICIT_RETAIN_SELF = YES;
				CLANG_WARN_OBJC_LITERAL_CONVERSION = YES;
				CLANG_WARN_OBJC_ROOT_CLASS = YES_ERROR;
				CLANG_WARN_QUOTED_INCLUDE_IN_FRAMEWORK_HEADER = YES;
				CLANG_WARN_RANGE_LOOP_ANALYSIS = YES;
				CLANG_WARN_STRICT_PROTOTYPES = YES;
				CLANG_WARN_SUSPICIOUS_MOVE = YES;
				CLANG_WARN_UNGUARDED_AVAILABILITY = YES_AGGRESSIVE;
				CLANG_WARN_UNREACHABLE_CODE = YES;
				CLANG_WARN__DUPLICATE_METHOD_MATCH = YES;
				COPY_PHASE_STRIP = NO;
				DEBUG_INFORMATION_FORMAT = "dwarf-with-dsym";
				ENABLE_NS_ASSERTIONS = NO;
				ENABLE_STRICT_OBJC_MSGSEND = YES;
				GCC_C_LANGUAGE_STANDARD = gnu11;
				GCC_NO_COMMON_BLOCKS = YES;
				GCC_WARN_64_TO_32_BIT_CONVERSION = YES;
				GCC_WARN_ABOUT_RETURN_TYPE = YES_ERROR;
				GCC_WARN_UNDECLARED_SELECTOR = YES;
				GCC_WARN_UNINITIALIZED_AUTOS = YES_AGGRESSIVE;
				GCC_WARN_UNUSED_FUNCTION = YES;
				GCC_WARN_UNUSED_VARIABLE = YES;
				IPHONEOS_DEPLOYMENT_TARGET = 15.2;
				MTL_ENABLE_DEBUG_INFO = NO;
				MTL_FAST_MATH = YES;
				SDKROOT = iphoneos;
				SWIFT_COMPILATION_MODE = wholemodule;
				SWIFT_OPTIMIZATION_LEVEL = "-O";
				VALIDATE_PRODUCT = YES;
			};
			name = Release;
		};
		F90E53E22839FA9C0000B4D4 /* Debug */ = {
			isa = XCBuildConfiguration;
			baseConfigurationReference = D73B3DF53CEDA5C731C0CEA5 /* Pods-PIPMode+WebView_Bridge.debug.xcconfig */;
			buildSettings = {
				ASSETCATALOG_COMPILER_APPICON_NAME = AppIcon;
				ASSETCATALOG_COMPILER_GLOBAL_ACCENT_COLOR_NAME = AccentColor;
				CODE_SIGN_STYLE = Automatic;
				CURRENT_PROJECT_VERSION = 1;
				DEVELOPMENT_TEAM = UKNRZL6LA7;
				GENERATE_INFOPLIST_FILE = YES;
				INFOPLIST_FILE = "PIPMode+WebView_Bridge/Info.plist";
				INFOPLIST_KEY_UIApplicationSupportsIndirectInputEvents = YES;
				INFOPLIST_KEY_UILaunchStoryboardName = LaunchScreen;
				INFOPLIST_KEY_UIMainStoryboardFile = Main;
				INFOPLIST_KEY_UISupportedInterfaceOrientations_iPad = "UIInterfaceOrientationPortrait UIInterfaceOrientationPortraitUpsideDown UIInterfaceOrientationLandscapeLeft UIInterfaceOrientationLandscapeRight";
				INFOPLIST_KEY_UISupportedInterfaceOrientations_iPhone = "UIInterfaceOrientationPortrait UIInterfaceOrientationLandscapeLeft UIInterfaceOrientationLandscapeRight";
				IPHONEOS_DEPLOYMENT_TARGET = 12.0;
				LD_RUNPATH_SEARCH_PATHS = (
					"$(inherited)",
					"@executable_path/Frameworks",
				);
				MARKETING_VERSION = 1.0;
				PRODUCT_BUNDLE_IDENTIFIER = "com.PIPMode-WebView-Bridge";
				PRODUCT_NAME = "$(TARGET_NAME)";
				SWIFT_EMIT_LOC_STRINGS = YES;
				SWIFT_VERSION = 5.0;
				TARGETED_DEVICE_FAMILY = 1;
			};
			name = Debug;
		};
		F90E53E32839FA9C0000B4D4 /* Release */ = {
			isa = XCBuildConfiguration;
			baseConfigurationReference = F30338A39B30357564E272E8 /* Pods-PIPMode+WebView_Bridge.release.xcconfig */;
			buildSettings = {
				ASSETCATALOG_COMPILER_APPICON_NAME = AppIcon;
				ASSETCATALOG_COMPILER_GLOBAL_ACCENT_COLOR_NAME = AccentColor;
				CODE_SIGN_STYLE = Automatic;
				CURRENT_PROJECT_VERSION = 1;
				DEVELOPMENT_TEAM = UKNRZL6LA7;
				GENERATE_INFOPLIST_FILE = YES;
				INFOPLIST_FILE = "PIPMode+WebView_Bridge/Info.plist";
				INFOPLIST_KEY_UIApplicationSupportsIndirectInputEvents = YES;
				INFOPLIST_KEY_UILaunchStoryboardName = LaunchScreen;
				INFOPLIST_KEY_UIMainStoryboardFile = Main;
				INFOPLIST_KEY_UISupportedInterfaceOrientations_iPad = "UIInterfaceOrientationPortrait UIInterfaceOrientationPortraitUpsideDown UIInterfaceOrientationLandscapeLeft UIInterfaceOrientationLandscapeRight";
				INFOPLIST_KEY_UISupportedInterfaceOrientations_iPhone = "UIInterfaceOrientationPortrait UIInterfaceOrientationLandscapeLeft UIInterfaceOrientationLandscapeRight";
				IPHONEOS_DEPLOYMENT_TARGET = 12.0;
				LD_RUNPATH_SEARCH_PATHS = (
					"$(inherited)",
					"@executable_path/Frameworks",
				);
				MARKETING_VERSION = 1.0;
				PRODUCT_BUNDLE_IDENTIFIER = "com.PIPMode-WebView-Bridge";
				PRODUCT_NAME = "$(TARGET_NAME)";
				SWIFT_EMIT_LOC_STRINGS = YES;
				SWIFT_VERSION = 5.0;
				TARGETED_DEVICE_FAMILY = 1;
			};
			name = Release;
		};
		F90E53E52839FA9C0000B4D4 /* Debug */ = {
			isa = XCBuildConfiguration;
			baseConfigurationReference = 27CA4CC9EA58FE61DEF0E49E /* Pods-PIPMode+WebView_BridgeTests.debug.xcconfig */;
			buildSettings = {
				ALWAYS_EMBED_SWIFT_STANDARD_LIBRARIES = YES;
				BUNDLE_LOADER = "$(TEST_HOST)";
				CODE_SIGN_STYLE = Automatic;
				CURRENT_PROJECT_VERSION = 1;
				DEVELOPMENT_TEAM = UKNRZL6LA7;
				GENERATE_INFOPLIST_FILE = YES;
				IPHONEOS_DEPLOYMENT_TARGET = 15.2;
				MARKETING_VERSION = 1.0;
				PRODUCT_BUNDLE_IDENTIFIER = "com.PIPMode-WebView-BridgeTests";
				PRODUCT_NAME = "$(TARGET_NAME)";
				SWIFT_EMIT_LOC_STRINGS = NO;
				SWIFT_VERSION = 5.0;
				TARGETED_DEVICE_FAMILY = "1,2";
				TEST_HOST = "$(BUILT_PRODUCTS_DIR)/PIPMode+WebView_Bridge.app/PIPMode+WebView_Bridge";
			};
			name = Debug;
		};
		F90E53E62839FA9C0000B4D4 /* Release */ = {
			isa = XCBuildConfiguration;
			baseConfigurationReference = 77ACFF79A684D9CF7D266938 /* Pods-PIPMode+WebView_BridgeTests.release.xcconfig */;
			buildSettings = {
				ALWAYS_EMBED_SWIFT_STANDARD_LIBRARIES = YES;
				BUNDLE_LOADER = "$(TEST_HOST)";
				CODE_SIGN_STYLE = Automatic;
				CURRENT_PROJECT_VERSION = 1;
				DEVELOPMENT_TEAM = UKNRZL6LA7;
				GENERATE_INFOPLIST_FILE = YES;
				IPHONEOS_DEPLOYMENT_TARGET = 15.2;
				MARKETING_VERSION = 1.0;
				PRODUCT_BUNDLE_IDENTIFIER = "com.PIPMode-WebView-BridgeTests";
				PRODUCT_NAME = "$(TARGET_NAME)";
				SWIFT_EMIT_LOC_STRINGS = NO;
				SWIFT_VERSION = 5.0;
				TARGETED_DEVICE_FAMILY = "1,2";
				TEST_HOST = "$(BUILT_PRODUCTS_DIR)/PIPMode+WebView_Bridge.app/PIPMode+WebView_Bridge";
			};
			name = Release;
		};
		F90E53E82839FA9C0000B4D4 /* Debug */ = {
			isa = XCBuildConfiguration;
			baseConfigurationReference = 6D89B3B00C3920794BA6EC45 /* Pods-PIPMode+WebView_Bridge-PIPMode+WebView_BridgeUITests.debug.xcconfig */;
			buildSettings = {
				ALWAYS_EMBED_SWIFT_STANDARD_LIBRARIES = YES;
				CODE_SIGN_STYLE = Automatic;
				CURRENT_PROJECT_VERSION = 1;
				DEVELOPMENT_TEAM = UKNRZL6LA7;
				GENERATE_INFOPLIST_FILE = YES;
				MARKETING_VERSION = 1.0;
				PRODUCT_BUNDLE_IDENTIFIER = "com.PIPMode-WebView-BridgeUITests";
				PRODUCT_NAME = "$(TARGET_NAME)";
				SWIFT_EMIT_LOC_STRINGS = NO;
				SWIFT_VERSION = 5.0;
				TARGETED_DEVICE_FAMILY = "1,2";
				TEST_TARGET_NAME = "PIPMode+WebView_Bridge";
			};
			name = Debug;
		};
		F90E53E92839FA9C0000B4D4 /* Release */ = {
			isa = XCBuildConfiguration;
			baseConfigurationReference = 08B5676F035EFC0240337CD8 /* Pods-PIPMode+WebView_Bridge-PIPMode+WebView_BridgeUITests.release.xcconfig */;
			buildSettings = {
				ALWAYS_EMBED_SWIFT_STANDARD_LIBRARIES = YES;
				CODE_SIGN_STYLE = Automatic;
				CURRENT_PROJECT_VERSION = 1;
				DEVELOPMENT_TEAM = UKNRZL6LA7;
				GENERATE_INFOPLIST_FILE = YES;
				MARKETING_VERSION = 1.0;
				PRODUCT_BUNDLE_IDENTIFIER = "com.PIPMode-WebView-BridgeUITests";
				PRODUCT_NAME = "$(TARGET_NAME)";
				SWIFT_EMIT_LOC_STRINGS = NO;
				SWIFT_VERSION = 5.0;
				TARGETED_DEVICE_FAMILY = "1,2";
				TEST_TARGET_NAME = "PIPMode+WebView_Bridge";
			};
			name = Release;
		};
/* End XCBuildConfiguration section */

/* Begin XCConfigurationList section */
		F90E53B22839FA9B0000B4D4 /* Build configuration list for PBXProject "PIPMode+WebView_Bridge" */ = {
			isa = XCConfigurationList;
			buildConfigurations = (
				F90E53DF2839FA9C0000B4D4 /* Debug */,
				F90E53E02839FA9C0000B4D4 /* Release */,
			);
			defaultConfigurationIsVisible = 0;
			defaultConfigurationName = Release;
		};
		F90E53E12839FA9C0000B4D4 /* Build configuration list for PBXNativeTarget "PIPMode+WebView_Bridge" */ = {
			isa = XCConfigurationList;
			buildConfigurations = (
				F90E53E22839FA9C0000B4D4 /* Debug */,
				F90E53E32839FA9C0000B4D4 /* Release */,
			);
			defaultConfigurationIsVisible = 0;
			defaultConfigurationName = Release;
		};
		F90E53E42839FA9C0000B4D4 /* Build configuration list for PBXNativeTarget "PIPMode+WebView_BridgeTests" */ = {
			isa = XCConfigurationList;
			buildConfigurations = (
				F90E53E52839FA9C0000B4D4 /* Debug */,
				F90E53E62839FA9C0000B4D4 /* Release */,
			);
			defaultConfigurationIsVisible = 0;
			defaultConfigurationName = Release;
		};
		F90E53E72839FA9C0000B4D4 /* Build configuration list for PBXNativeTarget "PIPMode+WebView_BridgeUITests" */ = {
			isa = XCConfigurationList;
			buildConfigurations = (
				F90E53E82839FA9C0000B4D4 /* Debug */,
				F90E53E92839FA9C0000B4D4 /* Release */,
			);
			defaultConfigurationIsVisible = 0;
			defaultConfigurationName = Release;
		};
/* End XCConfigurationList section */
	};
	rootObject = F90E53AF2839FA9B0000B4D4 /* Project object */;
}
